
Microsoft Visual Studio Solution File, Format Version 12.00
# Visual Studio Version 17
VisualStudioVersion = 17.1.32319.34
MinimumVisualStudioVersion = 10.0.40219.1
Project("{FAE04EC0-301F-11D3-BF4B-00C04F79EFBC}") = "TestProject", "TestProject\TestProject.csproj", "{5D22A804-7919-407F-A748-4960225AED4F}"
EndProject
Global
	GlobalSection(SolutionConfigurationPlatforms) = preSolution
		Debug|Any CPU = Debug|Any CPU
		Release|Any CPU = Release|Any CPU
	EndGlobalSection
	GlobalSection(ProjectConfigurationPlatforms) = postSolution
		{5D22A804-7919-407F-A748-4960225AED4F}.Debug|Any CPU.ActiveCfg = Debug|Any CPU
		{5D22A804-7919-407F-A748-4960225AED4F}.Debug|Any CPU.Build.0 = Debug|Any CPU
		{5D22A804-7919-407F-A748-4960225AED4F}.Release|Any CPU.ActiveCfg = Release|Any CPU
		{5D22A804-7919-407F-A748-4960225AED4F}.Release|Any CPU.Build.0 = Release|Any CPU
	EndGlobalSection
	GlobalSection(SolutionProperties) = preSolution
		HideSolutionNode = FALSE
	EndGlobalSection
	GlobalSection(ExtensibilityGlobals) = postSolution
		SolutionGuid = {7ECB2A00-ABAE-4511-AE58-24F7AD97516E}
	EndGlobalSection
EndGlobal
